
Microsoft Visual Studio Solution File, Format Version 12.00
# Visual Studio Version 17
VisualStudioVersion = 17.5.002.0
MinimumVisualStudioVersion = 10.0.40219.1
Project("{9A19103F-16F7-4668-BE54-9A1E7A4F7556}") = "Functions2024", "Functions2024.csproj", "{7BAA9BEA-3D3E-4DC8-9494-5709D62C6D8A}"
EndProject
Global
	GlobalSection(SolutionConfigurationPlatforms) = preSolution
		Debug|Any CPU = Debug|Any CPU
		Release|Any CPU = Release|Any CPU
	EndGlobalSection
	GlobalSection(ProjectConfigurationPlatforms) = postSolution
		{7BAA9BEA-3D3E-4DC8-9494-5709D62C6D8A}.Debug|Any CPU.ActiveCfg = Debug|Any CPU
		{7BAA9BEA-3D3E-4DC8-9494-5709D62C6D8A}.Debug|Any CPU.Build.0 = Debug|Any CPU
		{7BAA9BEA-3D3E-4DC8-9494-5709D62C6D8A}.Release|Any CPU.ActiveCfg = Release|Any CPU
		{7BAA9BEA-3D3E-4DC8-9494-5709D62C6D8A}.Release|Any CPU.Build.0 = Release|Any CPU
	EndGlobalSection
	GlobalSection(SolutionProperties) = preSolution
		HideSolutionNode = FALSE
	EndGlobalSection
	GlobalSection(ExtensibilityGlobals) = postSolution
		SolutionGuid = {F7856B68-030F-4C18-AD68-F58F53C56ABF}
	EndGlobalSection
EndGlobal
